
Microsoft Visual Studio Solution File, Format Version 12.00
# Visual Studio Version 16
VisualStudioVersion = 16.0.31729.503
MinimumVisualStudioVersion = 10.0.40219.1
Project("{FAE04EC0-301F-11D3-BF4B-00C04F79EFBC}") = "Pachinkasu", "Pachinkasu\Pachinkasu.csproj", "{1D199518-AA40-4F0F-B7AE-7C51FC037B23}"
EndProject
Global
	GlobalSection(SolutionConfigurationPlatforms) = preSolution
		Debug|Any CPU = Debug|Any CPU
		Release|Any CPU = Release|Any CPU
	EndGlobalSection
	GlobalSection(ProjectConfigurationPlatforms) = postSolution
		{1D199518-AA40-4F0F-B7AE-7C51FC037B23}.Debug|Any CPU.ActiveCfg = Debug|Any CPU
		{1D199518-AA40-4F0F-B7AE-7C51FC037B23}.Debug|Any CPU.Build.0 = Debug|Any CPU
		{1D199518-AA40-4F0F-B7AE-7C51FC037B23}.Release|Any CPU.ActiveCfg = Release|Any CPU
		{1D199518-AA40-4F0F-B7AE-7C51FC037B23}.Release|Any CPU.Build.0 = Release|Any CPU
	EndGlobalSection
	GlobalSection(SolutionProperties) = preSolution
		HideSolutionNode = FALSE
	EndGlobalSection
	GlobalSection(ExtensibilityGlobals) = postSolution
		SolutionGuid = {38BC2817-063C-45E6-9691-C560525625DA}
	EndGlobalSection
EndGlobal
